
Microsoft Visual Studio Solution File, Format Version 12.00
# Visual Studio Version 16
VisualStudioVersion = 16.0.30523.141
MinimumVisualStudioVersion = 10.0.40219.1
Project("{FAE04EC0-301F-11D3-BF4B-00C04F79EFBC}") = "LoginDB", "LoginDB.csproj", "{94840279-2EED-441D-AB03-9D41B30E287B}"
EndProject
Global
	GlobalSection(SolutionConfigurationPlatforms) = preSolution
		Debug|Any CPU = Debug|Any CPU
		Release|Any CPU = Release|Any CPU
	EndGlobalSection
	GlobalSection(ProjectConfigurationPlatforms) = postSolution
		{94840279-2EED-441D-AB03-9D41B30E287B}.Debug|Any CPU.ActiveCfg = Debug|Any CPU
		{94840279-2EED-441D-AB03-9D41B30E287B}.Debug|Any CPU.Build.0 = Debug|Any CPU
		{94840279-2EED-441D-AB03-9D41B30E287B}.Release|Any CPU.ActiveCfg = Release|Any CPU
		{94840279-2EED-441D-AB03-9D41B30E287B}.Release|Any CPU.Build.0 = Release|Any CPU
	EndGlobalSection
	GlobalSection(SolutionProperties) = preSolution
		HideSolutionNode = FALSE
	EndGlobalSection
	GlobalSection(ExtensibilityGlobals) = postSolution
		SolutionGuid = {61B34DF5-A84D-4B55-ACE5-94A614F8FA4C}
	EndGlobalSection
EndGlobal
